
Microsoft Visual Studio Solution File, Format Version 12.00
# Visual Studio Version 17
VisualStudioVersion = 17.10.35004.147
MinimumVisualStudioVersion = 10.0.40219.1
Project("{9A19103F-16F7-4668-BE54-9A1E7A4F7556}") = "OfficeFoodAPI", "OfficeFoodAPI.csproj", "{D4A1544D-C100-41F7-A665-46BF6A3CDF1A}"
EndProject
Global
	GlobalSection(SolutionConfigurationPlatforms) = preSolution
		Debug|Any CPU = Debug|Any CPU
		Release|Any CPU = Release|Any CPU
	EndGlobalSection
	GlobalSection(ProjectConfigurationPlatforms) = postSolution
		{D4A1544D-C100-41F7-A665-46BF6A3CDF1A}.Debug|Any CPU.ActiveCfg = Debug|Any CPU
		{D4A1544D-C100-41F7-A665-46BF6A3CDF1A}.Debug|Any CPU.Build.0 = Debug|Any CPU
		{D4A1544D-C100-41F7-A665-46BF6A3CDF1A}.Release|Any CPU.ActiveCfg = Release|Any CPU
		{D4A1544D-C100-41F7-A665-46BF6A3CDF1A}.Release|Any CPU.Build.0 = Release|Any CPU
	EndGlobalSection
	GlobalSection(SolutionProperties) = preSolution
		HideSolutionNode = FALSE
	EndGlobalSection
	GlobalSection(ExtensibilityGlobals) = postSolution
		SolutionGuid = {36573F73-F926-4917-AE2B-8CC7642667EE}
	EndGlobalSection
EndGlobal
